
Microsoft Visual Studio Solution File, Format Version 12.00
# Visual Studio Version 17
VisualStudioVersion = 17.0.32014.148
MinimumVisualStudioVersion = 10.0.40219.1
Project("{9A19103F-16F7-4668-BE54-9A1E7A4F7556}") = "Prodesp.Domain.Shared", "Prodesp.Domain.Shared\Prodesp.Domain.Shared.csproj", "{5E9FC66B-6CA4-4D0C-A073-F263A7519873}"
EndProject
Project("{2150E333-8FDC-42A3-9474-1A3956D46DE8}") = "01 - Domain", "01 - Domain", "{4843108D-2BA1-47AE-91BB-4234B65C9FE7}"
EndProject
Project("{9A19103F-16F7-4668-BE54-9A1E7A4F7556}") = "Prodesp.Domain", "Prodesp.Domain\Prodesp.Domain.csproj", "{56F30276-A3CE-4275-82FD-C6A77ADCA991}"
EndProject
Project("{2150E333-8FDC-42A3-9474-1A3956D46DE8}") = "02 - Infrastructure", "02 - Infrastructure", "{3C1F3099-4975-4942-9ECE-0D5ADE4A4F27}"
EndProject
Project("{2150E333-8FDC-42A3-9474-1A3956D46DE8}") = "03 - Application", "03 - Application", "{5A23B9A9-E7C2-40FD-BE91-AAEF7860D3DD}"
EndProject
Project("{2150E333-8FDC-42A3-9474-1A3956D46DE8}") = "04 - WebApi", "04 - WebApi", "{B288BB87-EECE-48A6-8997-3BF4B4D16C4B}"
EndProject
Project("{2150E333-8FDC-42A3-9474-1A3956D46DE8}") = "05 - Tests", "05 - Tests", "{926C9171-3746-4737-87D2-E22FB193D6E4}"
EndProject
Project("{9A19103F-16F7-4668-BE54-9A1E7A4F7556}") = "Prodesp.Infra.EF", "Prodesp.Infra.EF\Prodesp.Infra.EF.csproj", "{50B83A16-01DD-4EE6-8E8D-24D3B26F93FD}"
EndProject
Project("{9A19103F-16F7-4668-BE54-9A1E7A4F7556}") = "Prodesp.Application", "Prodesp.Application\Prodesp.Application.csproj", "{0A14B12C-E9EE-4FBA-92D3-579B4C6B5E50}"
EndProject
Project("{2150E333-8FDC-42A3-9474-1A3956D46DE8}") = "Solution Items", "Solution Items", "{597706B6-F241-4C33-899B-FC99F8CF8D7E}"
	ProjectSection(SolutionItems) = preProject
		.editorconfig = .editorconfig
	EndProjectSection
EndProject
Project("{9A19103F-16F7-4668-BE54-9A1E7A4F7556}") = "Prodesp.TesteApi", "Prodesp.TesteApi\Prodesp.TesteApi.csproj", "{39AB87F1-0F14-484E-A040-55A2470A85BA}"
EndProject
Project("{9A19103F-16F7-4668-BE54-9A1E7A4F7556}") = "WebApi.Intercept", "WebApi.Intercept\WebApi.Intercept.csproj", "{92BD8627-6853-441F-97EC-2883B576B0FB}"
EndProject
Project("{9A19103F-16F7-4668-BE54-9A1E7A4F7556}") = "Prodesp.Usuario", "Prodesp.Usuario\Prodesp.Usuario.csproj", "{B715D5D5-F03F-4FEE-828E-94073D094312}"
EndProject
Project("{2150E333-8FDC-42A3-9474-1A3956D46DE8}") = "UnitTests", "UnitTests", "{FB7C74B6-230D-4F67-9965-412DEF385015}"
EndProject
Project("{9A19103F-16F7-4668-BE54-9A1E7A4F7556}") = "Prodesp.Tests.UnitTests", "Prodesp.Usuario.Tests\Prodesp.Tests.UnitTests.csproj", "{E6C289F2-A0DF-46B6-995E-8A70BCC95799}"
EndProject
Project("{2150E333-8FDC-42A3-9474-1A3956D46DE8}") = "IntegrationTests", "IntegrationTests", "{F51CA0F2-47D1-4EE1-907A-393318A676A7}"
EndProject
Project("{9A19103F-16F7-4668-BE54-9A1E7A4F7556}") = "Prodesp.Integration.Tests", "Prodesp.Tests.Integration\Prodesp.Integration.Tests.csproj", "{371F42E1-B63F-42F8-8E10-0865C6459B6C}"
EndProject
Global
	GlobalSection(SolutionConfigurationPlatforms) = preSolution
		Debug|Any CPU = Debug|Any CPU
		Release|Any CPU = Release|Any CPU
	EndGlobalSection
	GlobalSection(ProjectConfigurationPlatforms) = postSolution
		{5E9FC66B-6CA4-4D0C-A073-F263A7519873}.Debug|Any CPU.ActiveCfg = Debug|Any CPU
		{5E9FC66B-6CA4-4D0C-A073-F263A7519873}.Debug|Any CPU.Build.0 = Debug|Any CPU
		{5E9FC66B-6CA4-4D0C-A073-F263A7519873}.Release|Any CPU.ActiveCfg = Release|Any CPU
		{5E9FC66B-6CA4-4D0C-A073-F263A7519873}.Release|Any CPU.Build.0 = Release|Any CPU
		{56F30276-A3CE-4275-82FD-C6A77ADCA991}.Debug|Any CPU.ActiveCfg = Debug|Any CPU
		{56F30276-A3CE-4275-82FD-C6A77ADCA991}.Debug|Any CPU.Build.0 = Debug|Any CPU
		{56F30276-A3CE-4275-82FD-C6A77ADCA991}.Release|Any CPU.ActiveCfg = Release|Any CPU
		{56F30276-A3CE-4275-82FD-C6A77ADCA991}.Release|Any CPU.Build.0 = Release|Any CPU
		{50B83A16-01DD-4EE6-8E8D-24D3B26F93FD}.Debug|Any CPU.ActiveCfg = Debug|Any CPU
		{50B83A16-01DD-4EE6-8E8D-24D3B26F93FD}.Debug|Any CPU.Build.0 = Debug|Any CPU
		{50B83A16-01DD-4EE6-8E8D-24D3B26F93FD}.Release|Any CPU.ActiveCfg = Release|Any CPU
		{50B83A16-01DD-4EE6-8E8D-24D3B26F93FD}.Release|Any CPU.Build.0 = Release|Any CPU
		{0A14B12C-E9EE-4FBA-92D3-579B4C6B5E50}.Debug|Any CPU.ActiveCfg = Debug|Any CPU
		{0A14B12C-E9EE-4FBA-92D3-579B4C6B5E50}.Debug|Any CPU.Build.0 = Debug|Any CPU
		{0A14B12C-E9EE-4FBA-92D3-579B4C6B5E50}.Release|Any CPU.ActiveCfg = Release|Any CPU
		{0A14B12C-E9EE-4FBA-92D3-579B4C6B5E50}.Release|Any CPU.Build.0 = Release|Any CPU
		{39AB87F1-0F14-484E-A040-55A2470A85BA}.Debug|Any CPU.ActiveCfg = Debug|Any CPU
		{39AB87F1-0F14-484E-A040-55A2470A85BA}.Debug|Any CPU.Build.0 = Debug|Any CPU
		{39AB87F1-0F14-484E-A040-55A2470A85BA}.Release|Any CPU.ActiveCfg = Release|Any CPU
		{39AB87F1-0F14-484E-A040-55A2470A85BA}.Release|Any CPU.Build.0 = Release|Any CPU
		{92BD8627-6853-441F-97EC-2883B576B0FB}.Debug|Any CPU.ActiveCfg = Debug|Any CPU
		{92BD8627-6853-441F-97EC-2883B576B0FB}.Debug|Any CPU.Build.0 = Debug|Any CPU
		{92BD8627-6853-441F-97EC-2883B576B0FB}.Release|Any CPU.ActiveCfg = Release|Any CPU
		{92BD8627-6853-441F-97EC-2883B576B0FB}.Release|Any CPU.Build.0 = Release|Any CPU
		{B715D5D5-F03F-4FEE-828E-94073D094312}.Debug|Any CPU.ActiveCfg = Debug|Any CPU
		{B715D5D5-F03F-4FEE-828E-94073D094312}.Debug|Any CPU.Build.0 = Debug|Any CPU
		{B715D5D5-F03F-4FEE-828E-94073D094312}.Release|Any CPU.ActiveCfg = Release|Any CPU
		{B715D5D5-F03F-4FEE-828E-94073D094312}.Release|Any CPU.Build.0 = Release|Any CPU
		{E6C289F2-A0DF-46B6-995E-8A70BCC95799}.Debug|Any CPU.ActiveCfg = Debug|Any CPU
		{E6C289F2-A0DF-46B6-995E-8A70BCC95799}.Debug|Any CPU.Build.0 = Debug|Any CPU
		{E6C289F2-A0DF-46B6-995E-8A70BCC95799}.Release|Any CPU.ActiveCfg = Release|Any CPU
		{E6C289F2-A0DF-46B6-995E-8A70BCC95799}.Release|Any CPU.Build.0 = Release|Any CPU
		{371F42E1-B63F-42F8-8E10-0865C6459B6C}.Debug|Any CPU.ActiveCfg = Debug|Any CPU
		{371F42E1-B63F-42F8-8E10-0865C6459B6C}.Debug|Any CPU.Build.0 = Debug|Any CPU
		{371F42E1-B63F-42F8-8E10-0865C6459B6C}.Release|Any CPU.ActiveCfg = Release|Any CPU
		{371F42E1-B63F-42F8-8E10-0865C6459B6C}.Release|Any CPU.Build.0 = Release|Any CPU
	EndGlobalSection
	GlobalSection(SolutionProperties) = preSolution
		HideSolutionNode = FALSE
	EndGlobalSection
	GlobalSection(NestedProjects) = preSolution
		{5E9FC66B-6CA4-4D0C-A073-F263A7519873} = {4843108D-2BA1-47AE-91BB-4234B65C9FE7}
		{56F30276-A3CE-4275-82FD-C6A77ADCA991} = {4843108D-2BA1-47AE-91BB-4234B65C9FE7}
		{50B83A16-01DD-4EE6-8E8D-24D3B26F93FD} = {3C1F3099-4975-4942-9ECE-0D5ADE4A4F27}
		{0A14B12C-E9EE-4FBA-92D3-579B4C6B5E50} = {5A23B9A9-E7C2-40FD-BE91-AAEF7860D3DD}
		{39AB87F1-0F14-484E-A040-55A2470A85BA} = {B288BB87-EECE-48A6-8997-3BF4B4D16C4B}
		{92BD8627-6853-441F-97EC-2883B576B0FB} = {B288BB87-EECE-48A6-8997-3BF4B4D16C4B}
		{B715D5D5-F03F-4FEE-828E-94073D094312} = {B288BB87-EECE-48A6-8997-3BF4B4D16C4B}
		{FB7C74B6-230D-4F67-9965-412DEF385015} = {926C9171-3746-4737-87D2-E22FB193D6E4}
		{E6C289F2-A0DF-46B6-995E-8A70BCC95799} = {FB7C74B6-230D-4F67-9965-412DEF385015}
		{F51CA0F2-47D1-4EE1-907A-393318A676A7} = {926C9171-3746-4737-87D2-E22FB193D6E4}
		{371F42E1-B63F-42F8-8E10-0865C6459B6C} = {F51CA0F2-47D1-4EE1-907A-393318A676A7}
	EndGlobalSection
	GlobalSection(ExtensibilityGlobals) = postSolution
		SolutionGuid = {17590C6B-47DD-425C-99D7-AC466BD8A836}
	EndGlobalSection
EndGlobal
